
Microsoft Visual Studio Solution File, Format Version 12.00
# Visual Studio 15
VisualStudioVersion = 15.0.28010.2026
MinimumVisualStudioVersion = 10.0.40219.1
Project("{888888A0-9F3D-457C-B088-3A5042F75D52}") = "PythonApplication4", "PythonApplication4\PythonApplication4.pyproj", "{8184EB49-4508-473A-9AEA-CB0E3180CA1E}"
EndProject
Project("{888888A0-9F3D-457C-B088-3A5042F75D52}") = "PythonApplication1", "PythonApplication1\PythonApplication1.pyproj", "{7B7C9B17-12C3-4B61-8237-A440736EC01C}"
EndProject
Global
	GlobalSection(SolutionConfigurationPlatforms) = preSolution
		Debug|Any CPU = Debug|Any CPU
		Release|Any CPU = Release|Any CPU
	EndGlobalSection
	GlobalSection(ProjectConfigurationPlatforms) = postSolution
		{8184EB49-4508-473A-9AEA-CB0E3180CA1E}.Debug|Any CPU.ActiveCfg = Debug|Any CPU
		{8184EB49-4508-473A-9AEA-CB0E3180CA1E}.Release|Any CPU.ActiveCfg = Release|Any CPU
		{7B7C9B17-12C3-4B61-8237-A440736EC01C}.Debug|Any CPU.ActiveCfg = Debug|Any CPU
		{7B7C9B17-12C3-4B61-8237-A440736EC01C}.Release|Any CPU.ActiveCfg = Release|Any CPU
	EndGlobalSection
	GlobalSection(SolutionProperties) = preSolution
		HideSolutionNode = FALSE
	EndGlobalSection
	GlobalSection(ExtensibilityGlobals) = postSolution
		SolutionGuid = {82CDE079-30D7-48A8-A6CE-5A4DB380FE70}
	EndGlobalSection
EndGlobal
